
Microsoft Visual Studio Solution File, Format Version 12.00
# Visual Studio Version 17
VisualStudioVersion = 17.3.32929.385
MinimumVisualStudioVersion = 10.0.40219.1
Project("{2150E333-8FDC-42A3-9474-1A3956D46DE8}") = "Src", "Src", "{711B1F53-07C6-4267-8CC1-68FC47FC00F6}"
EndProject
Project("{2150E333-8FDC-42A3-9474-1A3956D46DE8}") = "Core", "Core", "{FE58E15B-1DD5-4507-8F7D-36289586A072}"
EndProject
Project("{2150E333-8FDC-42A3-9474-1A3956D46DE8}") = "Infrstructure", "Infrstructure", "{F84EAFA9-EB7B-4B6D-8816-6A3FE239FBCF}"
EndProject
Project("{2150E333-8FDC-42A3-9474-1A3956D46DE8}") = "Presentation", "Presentation", "{EA3026CE-974D-436F-A81F-7D98F236FF20}"
EndProject
Project("{2150E333-8FDC-42A3-9474-1A3956D46DE8}") = "Common", "Common", "{07F4F9C8-3E5F-4C14-A8CE-A3F5C083D177}"
EndProject
Project("{9A19103F-16F7-4668-BE54-9A1E7A4F7556}") = "Application", "src\Core\Application\Application.csproj", "{464D6A4E-7BED-4859-A6C9-8A510BBF69E3}"
EndProject
Project("{9A19103F-16F7-4668-BE54-9A1E7A4F7556}") = "Domain", "src\Core\Domain\Domain.csproj", "{69F071DF-B9C2-47E7-AC00-3F30EB6422AD}"
EndProject
Project("{9A19103F-16F7-4668-BE54-9A1E7A4F7556}") = "Infrastructure", "src\Infrastructure\Infrastructure\Infrastructure.csproj", "{90B77DE2-71CB-4D80-8CBE-C620A97DFD0E}"
EndProject
Project("{9A19103F-16F7-4668-BE54-9A1E7A4F7556}") = "Persistence", "src\Infrastructure\Persistence\Persistence.csproj", "{1CD298EB-485B-4614-8BAA-5DB4B3E84804}"
EndProject
Project("{9A19103F-16F7-4668-BE54-9A1E7A4F7556}") = "CrossCuttingConcerns", "src\Common\CrossCuttingConcerns\CrossCuttingConcerns.csproj", "{3EB2E4F8-AC63-4DD9-9245-3CAE05A40DDC}"
EndProject
Project("{9A19103F-16F7-4668-BE54-9A1E7A4F7556}") = "ElasticSearch", "src\Common\ElasticSearch\ElasticSearch.csproj", "{8066BFED-8F2E-47E7-9372-FABC5B110E7D}"
EndProject
Project("{9A19103F-16F7-4668-BE54-9A1E7A4F7556}") = "WebApi", "src\Presentation\WebApi\WebApi.csproj", "{D747D133-1BB4-4207-90C2-7A8777C16351}"
EndProject
Global
	GlobalSection(SolutionConfigurationPlatforms) = preSolution
		Debug|Any CPU = Debug|Any CPU
		Release|Any CPU = Release|Any CPU
	EndGlobalSection
	GlobalSection(ProjectConfigurationPlatforms) = postSolution
		{464D6A4E-7BED-4859-A6C9-8A510BBF69E3}.Debug|Any CPU.ActiveCfg = Debug|Any CPU
		{464D6A4E-7BED-4859-A6C9-8A510BBF69E3}.Debug|Any CPU.Build.0 = Debug|Any CPU
		{464D6A4E-7BED-4859-A6C9-8A510BBF69E3}.Release|Any CPU.ActiveCfg = Release|Any CPU
		{464D6A4E-7BED-4859-A6C9-8A510BBF69E3}.Release|Any CPU.Build.0 = Release|Any CPU
		{69F071DF-B9C2-47E7-AC00-3F30EB6422AD}.Debug|Any CPU.ActiveCfg = Debug|Any CPU
		{69F071DF-B9C2-47E7-AC00-3F30EB6422AD}.Debug|Any CPU.Build.0 = Debug|Any CPU
		{69F071DF-B9C2-47E7-AC00-3F30EB6422AD}.Release|Any CPU.ActiveCfg = Release|Any CPU
		{69F071DF-B9C2-47E7-AC00-3F30EB6422AD}.Release|Any CPU.Build.0 = Release|Any CPU
		{90B77DE2-71CB-4D80-8CBE-C620A97DFD0E}.Debug|Any CPU.ActiveCfg = Debug|Any CPU
		{90B77DE2-71CB-4D80-8CBE-C620A97DFD0E}.Debug|Any CPU.Build.0 = Debug|Any CPU
		{90B77DE2-71CB-4D80-8CBE-C620A97DFD0E}.Release|Any CPU.ActiveCfg = Release|Any CPU
		{90B77DE2-71CB-4D80-8CBE-C620A97DFD0E}.Release|Any CPU.Build.0 = Release|Any CPU
		{1CD298EB-485B-4614-8BAA-5DB4B3E84804}.Debug|Any CPU.ActiveCfg = Debug|Any CPU
		{1CD298EB-485B-4614-8BAA-5DB4B3E84804}.Debug|Any CPU.Build.0 = Debug|Any CPU
		{1CD298EB-485B-4614-8BAA-5DB4B3E84804}.Release|Any CPU.ActiveCfg = Release|Any CPU
		{1CD298EB-485B-4614-8BAA-5DB4B3E84804}.Release|Any CPU.Build.0 = Release|Any CPU
		{3EB2E4F8-AC63-4DD9-9245-3CAE05A40DDC}.Debug|Any CPU.ActiveCfg = Debug|Any CPU
		{3EB2E4F8-AC63-4DD9-9245-3CAE05A40DDC}.Debug|Any CPU.Build.0 = Debug|Any CPU
		{3EB2E4F8-AC63-4DD9-9245-3CAE05A40DDC}.Release|Any CPU.ActiveCfg = Release|Any CPU
		{3EB2E4F8-AC63-4DD9-9245-3CAE05A40DDC}.Release|Any CPU.Build.0 = Release|Any CPU
		{8066BFED-8F2E-47E7-9372-FABC5B110E7D}.Debug|Any CPU.ActiveCfg = Debug|Any CPU
		{8066BFED-8F2E-47E7-9372-FABC5B110E7D}.Debug|Any CPU.Build.0 = Debug|Any CPU
		{8066BFED-8F2E-47E7-9372-FABC5B110E7D}.Release|Any CPU.ActiveCfg = Release|Any CPU
		{8066BFED-8F2E-47E7-9372-FABC5B110E7D}.Release|Any CPU.Build.0 = Release|Any CPU
		{D747D133-1BB4-4207-90C2-7A8777C16351}.Debug|Any CPU.ActiveCfg = Debug|Any CPU
		{D747D133-1BB4-4207-90C2-7A8777C16351}.Debug|Any CPU.Build.0 = Debug|Any CPU
		{D747D133-1BB4-4207-90C2-7A8777C16351}.Release|Any CPU.ActiveCfg = Release|Any CPU
		{D747D133-1BB4-4207-90C2-7A8777C16351}.Release|Any CPU.Build.0 = Release|Any CPU
	EndGlobalSection
	GlobalSection(SolutionProperties) = preSolution
		HideSolutionNode = FALSE
	EndGlobalSection
	GlobalSection(NestedProjects) = preSolution
		{FE58E15B-1DD5-4507-8F7D-36289586A072} = {711B1F53-07C6-4267-8CC1-68FC47FC00F6}
		{F84EAFA9-EB7B-4B6D-8816-6A3FE239FBCF} = {711B1F53-07C6-4267-8CC1-68FC47FC00F6}
		{EA3026CE-974D-436F-A81F-7D98F236FF20} = {711B1F53-07C6-4267-8CC1-68FC47FC00F6}
		{07F4F9C8-3E5F-4C14-A8CE-A3F5C083D177} = {711B1F53-07C6-4267-8CC1-68FC47FC00F6}
		{464D6A4E-7BED-4859-A6C9-8A510BBF69E3} = {FE58E15B-1DD5-4507-8F7D-36289586A072}
		{69F071DF-B9C2-47E7-AC00-3F30EB6422AD} = {FE58E15B-1DD5-4507-8F7D-36289586A072}
		{90B77DE2-71CB-4D80-8CBE-C620A97DFD0E} = {F84EAFA9-EB7B-4B6D-8816-6A3FE239FBCF}
		{1CD298EB-485B-4614-8BAA-5DB4B3E84804} = {F84EAFA9-EB7B-4B6D-8816-6A3FE239FBCF}
		{3EB2E4F8-AC63-4DD9-9245-3CAE05A40DDC} = {07F4F9C8-3E5F-4C14-A8CE-A3F5C083D177}
		{8066BFED-8F2E-47E7-9372-FABC5B110E7D} = {07F4F9C8-3E5F-4C14-A8CE-A3F5C083D177}
		{D747D133-1BB4-4207-90C2-7A8777C16351} = {EA3026CE-974D-436F-A81F-7D98F236FF20}
	EndGlobalSection
	GlobalSection(ExtensibilityGlobals) = postSolution
		SolutionGuid = {D779333E-E8E2-4E55-98BE-31404F8118FB}
	EndGlobalSection
EndGlobal
